
Microsoft Visual Studio Solution File, Format Version 12.00
# Visual Studio Version 17
VisualStudioVersion = 17.6.33829.357
MinimumVisualStudioVersion = 10.0.40219.1
Project("{FAE04EC0-301F-11D3-BF4B-00C04F79EFBC}") = "FirstAPI", "FirstAPI.csproj", "{222A5E8E-ED6A-4C1C-9D3C-002222479C5E}"
EndProject
Global
	GlobalSection(SolutionConfigurationPlatforms) = preSolution
		Debug|Any CPU = Debug|Any CPU
		Release|Any CPU = Release|Any CPU
	EndGlobalSection
	GlobalSection(ProjectConfigurationPlatforms) = postSolution
		{222A5E8E-ED6A-4C1C-9D3C-002222479C5E}.Debug|Any CPU.ActiveCfg = Debug|Any CPU
		{222A5E8E-ED6A-4C1C-9D3C-002222479C5E}.Debug|Any CPU.Build.0 = Debug|Any CPU
		{222A5E8E-ED6A-4C1C-9D3C-002222479C5E}.Release|Any CPU.ActiveCfg = Release|Any CPU
		{222A5E8E-ED6A-4C1C-9D3C-002222479C5E}.Release|Any CPU.Build.0 = Release|Any CPU
	EndGlobalSection
	GlobalSection(SolutionProperties) = preSolution
		HideSolutionNode = FALSE
	EndGlobalSection
	GlobalSection(ExtensibilityGlobals) = postSolution
		SolutionGuid = {24583E2C-C43A-44F9-93B1-14698CC4173A}
	EndGlobalSection
EndGlobal
